
Microsoft Visual Studio Solution File, Format Version 12.00
# Visual Studio 2013
VisualStudioVersion = 12.0.30501.0
MinimumVisualStudioVersion = 10.0.40219.1
Project("{FAE04EC0-301F-11D3-BF4B-00C04F79EFBC}") = "TechInTheBurbs.Web", "TechInTheBurbs.Web\TechInTheBurbs.Web.csproj", "{FA7D0E91-0379-4237-98A8-7346FEF21138}"
EndProject
Project("{FAE04EC0-301F-11D3-BF4B-00C04F79EFBC}") = "TechInTheBurbs.Core", "TechInTheBurbs.Core\TechInTheBurbs.Core.csproj", "{93089603-E3FA-4412-B5AE-8FF58F4EA4C2}"
EndProject
Global
	GlobalSection(SolutionConfigurationPlatforms) = preSolution
		Debug|Any CPU = Debug|Any CPU
		Release|Any CPU = Release|Any CPU
	EndGlobalSection
	GlobalSection(ProjectConfigurationPlatforms) = postSolution
		{FA7D0E91-0379-4237-98A8-7346FEF21138}.Debug|Any CPU.ActiveCfg = Debug|Any CPU
		{FA7D0E91-0379-4237-98A8-7346FEF21138}.Debug|Any CPU.Build.0 = Debug|Any CPU
		{FA7D0E91-0379-4237-98A8-7346FEF21138}.Release|Any CPU.ActiveCfg = Release|Any CPU
		{FA7D0E91-0379-4237-98A8-7346FEF21138}.Release|Any CPU.Build.0 = Release|Any CPU
		{93089603-E3FA-4412-B5AE-8FF58F4EA4C2}.Debug|Any CPU.ActiveCfg = Debug|Any CPU
		{93089603-E3FA-4412-B5AE-8FF58F4EA4C2}.Debug|Any CPU.Build.0 = Debug|Any CPU
		{93089603-E3FA-4412-B5AE-8FF58F4EA4C2}.Release|Any CPU.ActiveCfg = Release|Any CPU
		{93089603-E3FA-4412-B5AE-8FF58F4EA4C2}.Release|Any CPU.Build.0 = Release|Any CPU
	EndGlobalSection
	GlobalSection(SolutionProperties) = preSolution
		HideSolutionNode = FALSE
	EndGlobalSection
EndGlobal
